
Microsoft Visual Studio Solution File, Format Version 12.00
# Visual Studio Version 17
VisualStudioVersion = 17.5.002.0
MinimumVisualStudioVersion = 10.0.40219.1
Project("{9A19103F-16F7-4668-BE54-9A1E7A4F7556}") = "doituonghinhhoc", "doituonghinhhoc.csproj", "{8C95DD3E-CE3C-49D1-B8DD-A79E840C05B5}"
EndProject
Global
	GlobalSection(SolutionConfigurationPlatforms) = preSolution
		Debug|Any CPU = Debug|Any CPU
		Release|Any CPU = Release|Any CPU
	EndGlobalSection
	GlobalSection(ProjectConfigurationPlatforms) = postSolution
		{8C95DD3E-CE3C-49D1-B8DD-A79E840C05B5}.Debug|Any CPU.ActiveCfg = Debug|Any CPU
		{8C95DD3E-CE3C-49D1-B8DD-A79E840C05B5}.Debug|Any CPU.Build.0 = Debug|Any CPU
		{8C95DD3E-CE3C-49D1-B8DD-A79E840C05B5}.Release|Any CPU.ActiveCfg = Release|Any CPU
		{8C95DD3E-CE3C-49D1-B8DD-A79E840C05B5}.Release|Any CPU.Build.0 = Release|Any CPU
	EndGlobalSection
	GlobalSection(SolutionProperties) = preSolution
		HideSolutionNode = FALSE
	EndGlobalSection
	GlobalSection(ExtensibilityGlobals) = postSolution
		SolutionGuid = {315C8AE8-C7A8-433A-A61B-1C6955034608}
	EndGlobalSection
EndGlobal
